
Microsoft Visual Studio Solution File, Format Version 12.00
# Visual Studio Version 16
VisualStudioVersion = 16.0.30621.155
MinimumVisualStudioVersion = 10.0.40219.1
Project("{FAE04EC0-301F-11D3-BF4B-00C04F79EFBC}") = "Rabin'sCryptosystem", "Rabin'sCryptosystem\Rabin'sCryptosystem.csproj", "{225218FA-B0BB-4D75-A330-C9951F3C7F0A}"
EndProject
Global
	GlobalSection(SolutionConfigurationPlatforms) = preSolution
		Debug|Any CPU = Debug|Any CPU
		Release|Any CPU = Release|Any CPU
	EndGlobalSection
	GlobalSection(ProjectConfigurationPlatforms) = postSolution
		{225218FA-B0BB-4D75-A330-C9951F3C7F0A}.Debug|Any CPU.ActiveCfg = Debug|Any CPU
		{225218FA-B0BB-4D75-A330-C9951F3C7F0A}.Debug|Any CPU.Build.0 = Debug|Any CPU
		{225218FA-B0BB-4D75-A330-C9951F3C7F0A}.Release|Any CPU.ActiveCfg = Release|Any CPU
		{225218FA-B0BB-4D75-A330-C9951F3C7F0A}.Release|Any CPU.Build.0 = Release|Any CPU
	EndGlobalSection
	GlobalSection(SolutionProperties) = preSolution
		HideSolutionNode = FALSE
	EndGlobalSection
	GlobalSection(ExtensibilityGlobals) = postSolution
		SolutionGuid = {14CC2813-5264-4978-8CCD-3D504C1F8DC5}
	EndGlobalSection
EndGlobal
